
Microsoft Visual Studio Solution File, Format Version 12.00
# Visual Studio 2013
VisualStudioVersion = 12.0.31101.0
MinimumVisualStudioVersion = 10.0.40219.1
Project("{FAE04EC0-301F-11D3-BF4B-00C04F79EFBC}") = "AngularAuthentication", "AngularAuthentication\AngularAuthentication.csproj", "{5976C7F9-BADE-4F73-A476-1F1C31F752A4}"
EndProject
Project("{FAE04EC0-301F-11D3-BF4B-00C04F79EFBC}") = "AngularAuthentication.Data", "AngularAuthentication.Data\AngularAuthentication.Data.csproj", "{BFA5A97F-A5D3-45AF-BCBB-0DD6A46191B5}"
EndProject
Project("{FAE04EC0-301F-11D3-BF4B-00C04F79EFBC}") = "AngularAuthentication.Model", "AngularAuthentication.Model\AngularAuthentication.Model.csproj", "{5ABFFFE7-B665-4F04-985B-023C66934F29}"
EndProject
Global
	GlobalSection(TeamFoundationVersionControl) = preSolution
		SccNumberOfProjects = 4
		SccEnterpriseProvider = {4CA58AB2-18FA-4F8D-95D4-32DDF27D184C}
		SccTeamFoundationServer = https://tfs.codeplex.com/tfs/tfs36
		SccLocalPath0 = .
		SccProjectUniqueName1 = AngularAuthentication.Data\\AngularAuthentication.Data.csproj
		SccProjectName1 = AngularAuthentication.Data
		SccLocalPath1 = AngularAuthentication.Data
		SccProjectUniqueName2 = AngularAuthentication.Model\\AngularAuthentication.Model.csproj
		SccProjectName2 = AngularAuthentication.Model
		SccLocalPath2 = AngularAuthentication.Model
		SccProjectUniqueName3 = AngularAuthentication\\AngularAuthentication.csproj
		SccProjectName3 = AngularAuthentication
		SccLocalPath3 = AngularAuthentication
	EndGlobalSection
	GlobalSection(SolutionConfigurationPlatforms) = preSolution
		Debug|Any CPU = Debug|Any CPU
		Release|Any CPU = Release|Any CPU
	EndGlobalSection
	GlobalSection(ProjectConfigurationPlatforms) = postSolution
		{5976C7F9-BADE-4F73-A476-1F1C31F752A4}.Debug|Any CPU.ActiveCfg = Debug|Any CPU
		{5976C7F9-BADE-4F73-A476-1F1C31F752A4}.Debug|Any CPU.Build.0 = Debug|Any CPU
		{5976C7F9-BADE-4F73-A476-1F1C31F752A4}.Release|Any CPU.ActiveCfg = Release|Any CPU
		{5976C7F9-BADE-4F73-A476-1F1C31F752A4}.Release|Any CPU.Build.0 = Release|Any CPU
		{BFA5A97F-A5D3-45AF-BCBB-0DD6A46191B5}.Debug|Any CPU.ActiveCfg = Debug|Any CPU
		{BFA5A97F-A5D3-45AF-BCBB-0DD6A46191B5}.Debug|Any CPU.Build.0 = Debug|Any CPU
		{BFA5A97F-A5D3-45AF-BCBB-0DD6A46191B5}.Release|Any CPU.ActiveCfg = Release|Any CPU
		{BFA5A97F-A5D3-45AF-BCBB-0DD6A46191B5}.Release|Any CPU.Build.0 = Release|Any CPU
		{5ABFFFE7-B665-4F04-985B-023C66934F29}.Debug|Any CPU.ActiveCfg = Debug|Any CPU
		{5ABFFFE7-B665-4F04-985B-023C66934F29}.Debug|Any CPU.Build.0 = Debug|Any CPU
		{5ABFFFE7-B665-4F04-985B-023C66934F29}.Release|Any CPU.ActiveCfg = Release|Any CPU
		{5ABFFFE7-B665-4F04-985B-023C66934F29}.Release|Any CPU.Build.0 = Release|Any CPU
	EndGlobalSection
	GlobalSection(SolutionProperties) = preSolution
		HideSolutionNode = FALSE
	EndGlobalSection
EndGlobal
